{
    "requires": true,
    "lockfileVersion": 1,
    "dependencies": {
        "@popperjs/core": {
            "version": "2.11.2",
            "resolved": "https://registry.npmjs.org/@popperjs/core/-/core-2.11.2.tgz",
            "integrity": "sha512-92FRmppjjqz29VMJ2dn+xdyXZBrMlE42AV6Kq6BwjWV7CNUW1hs2FtxSNLQE+gJhaZ6AAmYuO9y8dshhcBl7vA==",
            "dev": true
        },
        "@types/bootstrap": {
            "version": "5.1.9",
            "resolved": "https://registry.npmjs.org/@types/bootstrap/-/bootstrap-5.1.9.tgz",
            "integrity": "sha512-Tembe6lt7819EUzV5LSG9uuwULm4hdEGV9LZ8QBYpWc0J+a+9DdmJEwZ4FMaXGVJWwumTPSkJ8JQF0/KDAmXYg==",
            "dev": true,
            "requires": {
                "@popperjs/core": "^2.9.2",
                "@types/jquery": "*"
            }
        },
        "@types/jquery": {
            "version": "3.5.14",
            "resolved": "https://registry.npmjs.org/@types/jquery/-/jquery-3.5.14.tgz",
            "integrity": "sha512-X1gtMRMbziVQkErhTQmSe2jFwwENA/Zr+PprCkF63vFq+Yt5PZ4AlKqgmeNlwgn7dhsXEK888eIW2520EpC+xg==",
            "dev": true,
            "requires": {
                "@types/sizzle": "*"
            }
        },
        "@types/sizzle": {
            "version": "2.3.3",
            "resolved": "https://registry.npmjs.org/@types/sizzle/-/sizzle-2.3.3.tgz",
            "integrity": "sha512-JYM8x9EGF163bEyhdJBpR2QX1R5naCJHC8ucJylJ3w9/CVBaskdQ8WqBf8MmQrd1kRvp/a4TS8HJ+bxzR7ZJYQ==",
            "dev": true
        }
    }
}
